{
  "version": 4,
  "terraform_version": "1.12.2",
  "serial": 1,
  "lineage": "aecdac36-feb4-354e-b2f1-1f95c61ccec4",
  "outputs": {
    "instance_ids": {
      "value": {
        "server1": "i-0b3e3ed4beb43ac90",
        "server2": "i-0d29cfd83339b64e1",
        "server3": "i-0d918e890f35b8fe9"
      },
      "type": [
        "object",
        {
          "server1": "string",
          "server2": "string",
          "server3": "string"
        }
      ]
    },
    "instances": {
      "value": {
        "server1": {
          "id": "i-0b3e3ed4beb43ac90",
          "name": "server1",
          "public_ip": "54.225.4.199",
          "url": "http://54.225.4.199"
        },
        "server2": {
          "id": "i-0d29cfd83339b64e1",
          "name": "server2",
          "public_ip": "34.203.207.49",
          "url": "http://34.203.207.49"
        },
        "server3": {
          "id": "i-0d918e890f35b8fe9",
          "name": "server3",
          "public_ip": "100.26.199.150",
          "url": "http://100.26.199.150"
        }
      },
      "type": [
        "object",
        {
          "server1": [
            "object",
            {
              "id": "string",
              "name": "string",
              "public_ip": "string",
              "url": "string"
            }
          ],
          "server2": [
            "object",
            {
              "id": "string",
              "name": "string",
              "public_ip": "string",
              "url": "string"
            }
          ],
          "server3": [
            "object",
            {
              "id": "string",
              "name": "string",
              "public_ip": "string",
              "url": "string"
            }
          ]
        }
      ]
    },
    "public_ips": {
      "value": {
        "server1": "54.225.4.199",
        "server2": "34.203.207.49",
        "server3": "100.26.199.150"
      },
      "type": [
        "object",
        {
          "server1": "string",
          "server2": "string",
          "server3": "string"
        }
      ]
    },
    "urls": {
      "value": {
        "server1": "http://54.225.4.199",
        "server2": "http://34.203.207.49",
        "server3": "http://100.26.199.150"
      },
      "type": [
        "object",
        {
          "server1": "string",
          "server2": "string",
          "server3": "string"
        }
      ]
    }
  },
  "resources": [
    {
      "mode": "managed",
      "type": "aws_instance",
      "name": "web",
      "provider": "provider[\"registry.terraform.io/hashicorp/aws\"]",
      "instances": [
        {
          "index_key": "server1",
          "schema_version": 2,
          "attributes": {
            "ami": "ami-0de716d6197524dd9",
            "arn": "arn:aws:ec2:us-east-1:659571592784:instance/i-0b3e3ed4beb43ac90",
            "associate_public_ip_address": true,
            "availability_zone": "us-east-1b",
            "capacity_reservation_specification": [
              {
                "capacity_reservation_preference": "open",
                "capacity_reservation_target": []
              }
            ],
            "cpu_options": [
              {
                "amd_sev_snp": "",
                "core_count": 1,
                "threads_per_core": 2
              }
            ],
            "credit_specification": [
              {
                "cpu_credits": "unlimited"
              }
            ],
            "disable_api_stop": false,
            "disable_api_termination": false,
            "ebs_block_device": [],
            "ebs_optimized": false,
            "enable_primary_ipv6": null,
            "enclave_options": [
              {
                "enabled": false
              }
            ],
            "ephemeral_block_device": [],
            "force_destroy": false,
            "get_password_data": false,
            "hibernation": false,
            "host_id": "",
            "host_resource_group_arn": null,
            "iam_instance_profile": "",
            "id": "i-0b3e3ed4beb43ac90",
            "instance_initiated_shutdown_behavior": "stop",
            "instance_lifecycle": "",
            "instance_market_options": [],
            "instance_state": "running",
            "instance_type": "t3.micro",
            "ipv6_address_count": 0,
            "ipv6_addresses": [],
            "key_name": "deployer-key",
            "launch_template": [],
            "maintenance_options": [
              {
                "auto_recovery": "default"
              }
            ],
            "metadata_options": [
              {
                "http_endpoint": "enabled",
                "http_protocol_ipv6": "disabled",
                "http_put_response_hop_limit": 2,
                "http_tokens": "required",
                "instance_metadata_tags": "disabled"
              }
            ],
            "monitoring": false,
            "network_interface": [],
            "outpost_arn": "",
            "password_data": "",
            "placement_group": "",
            "placement_partition_number": 0,
            "primary_network_interface_id": "eni-03ef58a6547af658c",
            "private_dns": "ip-172-31-32-59.ec2.internal",
            "private_dns_name_options": [
              {
                "enable_resource_name_dns_a_record": false,
                "enable_resource_name_dns_aaaa_record": false,
                "hostname_type": "ip-name"
              }
            ],
            "private_ip": "172.31.32.59",
            "public_dns": "ec2-54-225-4-199.compute-1.amazonaws.com",
            "public_ip": "54.225.4.199",
            "region": "us-east-1",
            "root_block_device": [
              {
                "delete_on_termination": true,
                "device_name": "/dev/xvda",
                "encrypted": false,
                "iops": 3000,
                "kms_key_id": "",
                "tags": {},
                "tags_all": {},
                "throughput": 125,
                "volume_id": "vol-000a1bf4c9b3e2eff",
                "volume_size": 8,
                "volume_type": "gp3"
              }
            ],
            "secondary_private_ips": [],
            "security_groups": [
              "default"
            ],
            "source_dest_check": true,
            "spot_instance_request_id": "",
            "subnet_id": "subnet-0babb8445bc138413",
            "tags": {
              "Course": "Terraform",
              "Environment": "dev",
              "Name": "server1"
            },
            "tags_all": {
              "Course": "Terraform",
              "Environment": "dev",
              "Name": "server1"
            },
            "tenancy": "default",
            "timeouts": null,
            "user_data": "#!/bin/bash\r\nset -eux\r\ndnf -y update\r\ndnf -y install httpd\r\nsystemctl enable --now httpd\r\necho \"\u003chtml\u003e\u003ch1\u003eAhoj z prvního serveru\u003c/h1\u003e\u003c/html\u003e\" \u003e /var/www/html/index.html\r\n",
            "user_data_base64": null,
            "user_data_replace_on_change": true,
            "volume_tags": null,
            "vpc_security_group_ids": [
              "sg-0631003b7ddb49e06"
            ]
          },
          "sensitive_attributes": [],
          "identity_schema_version": 0,
          "private": "eyJlMmJmYjczMC1lY2FhLTExZTYtOGY4OC0zNDM2M2JjN2M0YzAiOnsiY3JlYXRlIjo2MDAwMDAwMDAwMDAsImRlbGV0ZSI6MTIwMDAwMDAwMDAwMCwicmVhZCI6OTAwMDAwMDAwMDAwLCJ1cGRhdGUiOjYwMDAwMDAwMDAwMH0sInNjaGVtYV92ZXJzaW9uIjoiMiJ9",
          "dependencies": [
            "aws_key_pair.deployer"
          ]
        },
        {
          "index_key": "server2",
          "schema_version": 2,
          "attributes": {
            "ami": "ami-0de716d6197524dd9",
            "arn": "arn:aws:ec2:us-east-1:659571592784:instance/i-0d29cfd83339b64e1",
            "associate_public_ip_address": true,
            "availability_zone": "us-east-1b",
            "capacity_reservation_specification": [
              {
                "capacity_reservation_preference": "open",
                "capacity_reservation_target": []
              }
            ],
            "cpu_options": [
              {
                "amd_sev_snp": "",
                "core_count": 1,
                "threads_per_core": 2
              }
            ],
            "credit_specification": [
              {
                "cpu_credits": "unlimited"
              }
            ],
            "disable_api_stop": false,
            "disable_api_termination": false,
            "ebs_block_device": [],
            "ebs_optimized": false,
            "enable_primary_ipv6": null,
            "enclave_options": [
              {
                "enabled": false
              }
            ],
            "ephemeral_block_device": [],
            "force_destroy": false,
            "get_password_data": false,
            "hibernation": false,
            "host_id": "",
            "host_resource_group_arn": null,
            "iam_instance_profile": "",
            "id": "i-0d29cfd83339b64e1",
            "instance_initiated_shutdown_behavior": "stop",
            "instance_lifecycle": "",
            "instance_market_options": [],
            "instance_state": "running",
            "instance_type": "t3.micro",
            "ipv6_address_count": 0,
            "ipv6_addresses": [],
            "key_name": "deployer-key",
            "launch_template": [],
            "maintenance_options": [
              {
                "auto_recovery": "default"
              }
            ],
            "metadata_options": [
              {
                "http_endpoint": "enabled",
                "http_protocol_ipv6": "disabled",
                "http_put_response_hop_limit": 2,
                "http_tokens": "required",
                "instance_metadata_tags": "disabled"
              }
            ],
            "monitoring": false,
            "network_interface": [],
            "outpost_arn": "",
            "password_data": "",
            "placement_group": "",
            "placement_partition_number": 0,
            "primary_network_interface_id": "eni-09c2f5b6a7914f556",
            "private_dns": "ip-172-31-46-130.ec2.internal",
            "private_dns_name_options": [
              {
                "enable_resource_name_dns_a_record": false,
                "enable_resource_name_dns_aaaa_record": false,
                "hostname_type": "ip-name"
              }
            ],
            "private_ip": "172.31.46.130",
            "public_dns": "ec2-34-203-207-49.compute-1.amazonaws.com",
            "public_ip": "34.203.207.49",
            "region": "us-east-1",
            "root_block_device": [
              {
                "delete_on_termination": true,
                "device_name": "/dev/xvda",
                "encrypted": false,
                "iops": 3000,
                "kms_key_id": "",
                "tags": {},
                "tags_all": {},
                "throughput": 125,
                "volume_id": "vol-01c61a46300a76b59",
                "volume_size": 8,
                "volume_type": "gp3"
              }
            ],
            "secondary_private_ips": [],
            "security_groups": [
              "default"
            ],
            "source_dest_check": true,
            "spot_instance_request_id": "",
            "subnet_id": "subnet-0babb8445bc138413",
            "tags": {
              "Course": "Terraform",
              "Environment": "dev",
              "Name": "server2"
            },
            "tags_all": {
              "Course": "Terraform",
              "Environment": "dev",
              "Name": "server2"
            },
            "tenancy": "default",
            "timeouts": null,
            "user_data": "#!/bin/bash\r\nset -eux\r\ndnf -y update\r\ndnf -y install httpd\r\nsystemctl enable --now httpd\r\necho \"\u003chtml\u003e\u003ch1\u003eNazdar z druhého serveru\u003c/h1\u003e\u003c/html\u003e\" \u003e /var/www/html/index.html\r\n",
            "user_data_base64": null,
            "user_data_replace_on_change": true,
            "volume_tags": null,
            "vpc_security_group_ids": [
              "sg-0631003b7ddb49e06"
            ]
          },
          "sensitive_attributes": [],
          "identity_schema_version": 0,
          "private": "eyJlMmJmYjczMC1lY2FhLTExZTYtOGY4OC0zNDM2M2JjN2M0YzAiOnsiY3JlYXRlIjo2MDAwMDAwMDAwMDAsImRlbGV0ZSI6MTIwMDAwMDAwMDAwMCwicmVhZCI6OTAwMDAwMDAwMDAwLCJ1cGRhdGUiOjYwMDAwMDAwMDAwMH0sInNjaGVtYV92ZXJzaW9uIjoiMiJ9",
          "dependencies": [
            "aws_key_pair.deployer"
          ]
        },
        {
          "index_key": "server3",
          "schema_version": 2,
          "attributes": {
            "ami": "ami-0de716d6197524dd9",
            "arn": "arn:aws:ec2:us-east-1:659571592784:instance/i-0d918e890f35b8fe9",
            "associate_public_ip_address": true,
            "availability_zone": "us-east-1b",
            "capacity_reservation_specification": [
              {
                "capacity_reservation_preference": "open",
                "capacity_reservation_target": []
              }
            ],
            "cpu_options": [
              {
                "amd_sev_snp": "",
                "core_count": 1,
                "threads_per_core": 2
              }
            ],
            "credit_specification": [
              {
                "cpu_credits": "unlimited"
              }
            ],
            "disable_api_stop": false,
            "disable_api_termination": false,
            "ebs_block_device": [],
            "ebs_optimized": false,
            "enable_primary_ipv6": null,
            "enclave_options": [
              {
                "enabled": false
              }
            ],
            "ephemeral_block_device": [],
            "force_destroy": false,
            "get_password_data": false,
            "hibernation": false,
            "host_id": "",
            "host_resource_group_arn": null,
            "iam_instance_profile": "",
            "id": "i-0d918e890f35b8fe9",
            "instance_initiated_shutdown_behavior": "stop",
            "instance_lifecycle": "",
            "instance_market_options": [],
            "instance_state": "running",
            "instance_type": "t3.micro",
            "ipv6_address_count": 0,
            "ipv6_addresses": [],
            "key_name": "deployer-key",
            "launch_template": [],
            "maintenance_options": [
              {
                "auto_recovery": "default"
              }
            ],
            "metadata_options": [
              {
                "http_endpoint": "enabled",
                "http_protocol_ipv6": "disabled",
                "http_put_response_hop_limit": 2,
                "http_tokens": "required",
                "instance_metadata_tags": "disabled"
              }
            ],
            "monitoring": false,
            "network_interface": [],
            "outpost_arn": "",
            "password_data": "",
            "placement_group": "",
            "placement_partition_number": 0,
            "primary_network_interface_id": "eni-01d41cb447c2a6ee7",
            "private_dns": "ip-172-31-37-5.ec2.internal",
            "private_dns_name_options": [
              {
                "enable_resource_name_dns_a_record": false,
                "enable_resource_name_dns_aaaa_record": false,
                "hostname_type": "ip-name"
              }
            ],
            "private_ip": "172.31.37.5",
            "public_dns": "ec2-100-26-199-150.compute-1.amazonaws.com",
            "public_ip": "100.26.199.150",
            "region": "us-east-1",
            "root_block_device": [
              {
                "delete_on_termination": true,
                "device_name": "/dev/xvda",
                "encrypted": false,
                "iops": 3000,
                "kms_key_id": "",
                "tags": {},
                "tags_all": {},
                "throughput": 125,
                "volume_id": "vol-024dc6197d85afbbb",
                "volume_size": 8,
                "volume_type": "gp3"
              }
            ],
            "secondary_private_ips": [],
            "security_groups": [
              "default"
            ],
            "source_dest_check": true,
            "spot_instance_request_id": "",
            "subnet_id": "subnet-0babb8445bc138413",
            "tags": {
              "Course": "Terraform",
              "Environment": "dev",
              "Name": "server3"
            },
            "tags_all": {
              "Course": "Terraform",
              "Environment": "dev",
              "Name": "server3"
            },
            "tenancy": "default",
            "timeouts": null,
            "user_data": "#!/bin/bash\r\nset -eux\r\ndnf -y update\r\ndnf -y install httpd\r\nsystemctl enable --now httpd\r\necho \"\u003chtml\u003e\u003ch1\u003eČau z třetího serveru\u003c/h1\u003e\u003c/html\u003e\" \u003e /var/www/html/index.html\r\n",
            "user_data_base64": null,
            "user_data_replace_on_change": true,
            "volume_tags": null,
            "vpc_security_group_ids": [
              "sg-0631003b7ddb49e06"
            ]
          },
          "sensitive_attributes": [],
          "identity_schema_version": 0,
          "private": "eyJlMmJmYjczMC1lY2FhLTExZTYtOGY4OC0zNDM2M2JjN2M0YzAiOnsiY3JlYXRlIjo2MDAwMDAwMDAwMDAsImRlbGV0ZSI6MTIwMDAwMDAwMDAwMCwicmVhZCI6OTAwMDAwMDAwMDAwLCJ1cGRhdGUiOjYwMDAwMDAwMDAwMH0sInNjaGVtYV92ZXJzaW9uIjoiMiJ9",
          "dependencies": [
            "aws_key_pair.deployer"
          ]
        }
      ]
    },
    {
      "mode": "managed",
      "type": "aws_key_pair",
      "name": "deployer",
      "provider": "provider[\"registry.terraform.io/hashicorp/aws\"]",
      "instances": [
        {
          "schema_version": 1,
          "attributes": {
            "arn": "arn:aws:ec2:us-east-1:659571592784:key-pair/deployer-key",
            "fingerprint": "94:24:2e:36:1e:0c:46:28:e3:8d:df:86:ca:99:ac:6a",
            "id": "deployer-key",
            "key_name": "deployer-key",
            "key_name_prefix": "",
            "key_pair_id": "key-00591af064ad9ea84",
            "key_type": "rsa",
            "public_key": "ssh-rsa AAAAB3NzaC1yc2EAAAADAQABAAABAQDP8CGnNOrP20IpxE4pB+YWgjtS8iuNx5p2bd0/MfbIX0lh4n7IgRx1M0Hdjj9kzlEkrP727ICBwELUMIxco9r0sHZC/UlQBOasdXfCqCwuLXAHyxOm0cj7HmJazW2WWZhpUtWbxXXLK18iUBTnoApPz49sCsGo4tbIORJeWJJADy934M5cTJEehdlZGadlHNSKE7qZcnG3mJymOel2gZiKOkMqHlpI+HggTHHrRMrEv1cFiSjD4xT1diCYvLGcqwe/7o+JSq0BnoE2kYmuZ7zcndfnNdvipf537A2IQwbVKTNoU5ytvletXCzjEvY42dZtsflXLg7D2BkxXVZj0ZyL vopava@ggai.cz",
            "region": "us-east-1",
            "tags": null,
            "tags_all": {}
          },
          "sensitive_attributes": [],
          "identity_schema_version": 0,
          "private": "eyJzY2hlbWFfdmVyc2lvbiI6IjEifQ=="
        }
      ]
    }
  ],
  "check_results": null
}
